
Microsoft Visual Studio Solution File, Format Version 12.00
# Visual Studio Version 17
VisualStudioVersion = 17.3.32819.101
MinimumVisualStudioVersion = 10.0.40219.1
Project("{FAE04EC0-301F-11D3-BF4B-00C04F79EFBC}") = "RGBclassifier", "RGBclassifier.csproj", "{C0421EAC-DFC0-424F-8228-FDCDCD994006}"
EndProject
Global
	GlobalSection(SolutionConfigurationPlatforms) = preSolution
		Debug|Any CPU = Debug|Any CPU
		Release|Any CPU = Release|Any CPU
	EndGlobalSection
	GlobalSection(ProjectConfigurationPlatforms) = postSolution
		{C0421EAC-DFC0-424F-8228-FDCDCD994006}.Debug|Any CPU.ActiveCfg = Debug|Any CPU
		{C0421EAC-DFC0-424F-8228-FDCDCD994006}.Debug|Any CPU.Build.0 = Debug|Any CPU
		{C0421EAC-DFC0-424F-8228-FDCDCD994006}.Release|Any CPU.ActiveCfg = Release|Any CPU
		{C0421EAC-DFC0-424F-8228-FDCDCD994006}.Release|Any CPU.Build.0 = Release|Any CPU
	EndGlobalSection
	GlobalSection(SolutionProperties) = preSolution
		HideSolutionNode = FALSE
	EndGlobalSection
	GlobalSection(ExtensibilityGlobals) = postSolution
		SolutionGuid = {358D7475-6D1A-4DB2-ACB0-EF695FD504D3}
	EndGlobalSection
EndGlobal
